// !$*UTF8*$!
{
	archiveVersion = 1;
	classes = {
	};
	objectVersion = 46;
	objects = {

/* Begin PBXBuildFile section */
		3549EEC31BEA2BAF0078078D /* AppDelegate.swift in Sources */ = {isa = PBXBuildFile; fileRef = 3549EEC21BEA2BAF0078078D /* AppDelegate.swift */; };
		3549EEC51BEA2BAF0078078D /* ViewController.swift in Sources */ = {isa = PBXBuildFile; fileRef = 3549EEC41BEA2BAF0078078D /* ViewController.swift */; };
		3549EEC81BEA2BAF0078078D /* Main.storyboard in Resources */ = {isa = PBXBuildFile; fileRef = 3549EEC61BEA2BAF0078078D /* Main.storyboard */; };
		3549EECA1BEA2BAF0078078D /* Assets.xcassets in Resources */ = {isa = PBXBuildFile; fileRef = 3549EEC91BEA2BAF0078078D /* Assets.xcassets */; };
		3549EECD1BEA2BAF0078078D /* LaunchScreen.storyboard in Resources */ = {isa = PBXBuildFile; fileRef = 3549EECB1BEA2BAF0078078D /* LaunchScreen.storyboard */; };
		3549EED81BEA2BAF0078078D /* StudyCameraTests.swift in Sources */ = {isa = PBXBuildFile; fileRef = 3549EED71BEA2BAF0078078D /* StudyCameraTests.swift */; };
		3549EEE31BEA2BAF0078078D /* StudyCameraUITests.swift in Sources */ = {isa = PBXBuildFile; fileRef = 3549EEE21BEA2BAF0078078D /* StudyCameraUITests.swift */; };
/* End PBXBuildFile section */

/* Begin PBXContainerItemProxy section */
		3549EED41BEA2BAF0078078D /* PBXContainerItemProxy */ = {
			isa = PBXContainerItemProxy;
			containerPortal = 3549EEB71BEA2BAF0078078D /* Project object */;
			proxyType = 1;
			remoteGlobalIDString = 3549EEBE1BEA2BAF0078078D;
			remoteInfo = StudyCamera;
		};
		3549EEDF1BEA2BAF0078078D /* PBXContainerItemProxy */ = {
			isa = PBXContainerItemProxy;
			containerPortal = 3549EEB71BEA2BAF0078078D /* Project object */;
			proxyType = 1;
			remoteGlobalIDString = 3549EEBE1BEA2BAF0078078D;
			remoteInfo = StudyCamera;
		};
/* End PBXContainerItemProxy section */

/* Begin PBXFileReference section */
		3549EEBF1BEA2BAF0078078D /* StudyCamera.app */ = {isa = PBXFileReference; explicitFileType = wrapper.application; includeInIndex = 0; path = StudyCamera.app; sourceTree = BUILT_PRODUCTS_DIR; };
		3549EEC21BEA2BAF0078078D /* AppDelegate.swift */ = {isa = PBXFileReference; lastKnownFileType = sourcecode.swift; path = AppDelegate.swift; sourceTree = "<group>"; };
		3549EEC41BEA2BAF0078078D /* ViewController.swift */ = {isa = PBXFileReference; lastKnownFileType = sourcecode.swift; path = ViewController.swift; sourceTree = "<group>"; };
		3549EEC71BEA2BAF0078078D /* Base */ = {isa = PBXFileReference; lastKnownFileType = file.storyboard; name = Base; path = Base.lproj/Main.storyboard; sourceTree = "<group>"; };
		3549EEC91BEA2BAF0078078D /* Assets.xcassets */ = {isa = PBXFileReference; lastKnownFileType = folder.assetcatalog; path = Assets.xcassets; sourceTree = "<group>"; };
		3549EECC1BEA2BAF0078078D /* Base */ = {isa = PBXFileReference; lastKnownFileType = file.storyboard; name = Base; path = Base.lproj/LaunchScreen.storyboard; sourceTree = "<group>"; };
		3549EECE1BEA2BAF0078078D /* Info.plist */ = {isa = PBXFileReference; lastKnownFileType = text.plist.xml; path = Info.plist; sourceTree = "<group>"; };
		3549EED31BEA2BAF0078078D /* StudyCameraTests.xctest */ = {isa = PBXFileReference; explicitFileType = wrapper.cfbundle; includeInIndex = 0; path = StudyCameraTests.xctest; sourceTree = BUILT_PRODUCTS_DIR; };
		3549EED71BEA2BAF0078078D /* StudyCameraTests.swift */ = {isa = PBXFileReference; lastKnownFileType = sourcecode.swift; path = StudyCameraTests.swift; sourceTree = "<group>"; };
		3549EED91BEA2BAF0078078D /* Info.plist */ = {isa = PBXFileReference; lastKnownFileType = text.plist.xml; path = Info.plist; sourceTree = "<group>"; };
		3549EEDE1BEA2BAF0078078D /* StudyCameraUITests.xctest */ = {isa = PBXFileReference; explicitFileType = wrapper.cfbundle; includeInIndex = 0; path = StudyCameraUITests.xctest; sourceTree = BUILT_PRODUCTS_DIR; };
		3549EEE21BEA2BAF0078078D /* StudyCameraUITests.swift */ = {isa = PBXFileReference; lastKnownFileType = sourcecode.swift; path = StudyCameraUITests.swift; sourceTree = "<group>"; };
		3549EEE41BEA2BAF0078078D /* Info.plist */ = {isa = PBXFileReference; lastKnownFileType = text.plist.xml; path = Info.plist; sourceTree = "<group>"; };
/* End PBXFileReference section */

/* Begin PBXFrameworksBuildPhase section */
		3549EEBC1BEA2BAF0078078D /* Frameworks */ = {
			isa = PBXFrameworksBuildPhase;
			buildActionMask = 2147483647;
			files = (
			);
			runOnlyForDeploymentPostprocessing = 0;
		};
		3549EED01BEA2BAF0078078D /* Frameworks */ = {
			isa = PBXFrameworksBuildPhase;
			buildActionMask = 2147483647;
			files = (
			);
			runOnlyForDeploymentPostprocessing = 0;
		};
		3549EEDB1BEA2BAF0078078D /* Frameworks */ = {
			isa = PBXFrameworksBuildPhase;
			buildActionMask = 2147483647;
			files = (
			);
			runOnlyForDeploymentPostprocessing = 0;
		};
/* End PBXFrameworksBuildPhase section */

/* Begin PBXGroup section */
		3549EEB61BEA2BAF0078078D = {
			isa = PBXGroup;
			children = (
				3549EEC11BEA2BAF0078078D /* StudyCamera */,
				3549EED61BEA2BAF0078078D /* StudyCameraTests */,
				3549EEE11BEA2BAF0078078D /* StudyCameraUITests */,
				3549EEC01BEA2BAF0078078D /* Products */,
			);
			sourceTree = "<group>";
		};
		3549EEC01BEA2BAF0078078D /* Products */ = {
			isa = PBXGroup;
			children = (
				3549EEBF1BEA2BAF0078078D /* StudyCamera.app */,
				3549EED31BEA2BAF0078078D /* StudyCameraTests.xctest */,
				3549EEDE1BEA2BAF0078078D /* StudyCameraUITests.xctest */,
			);
			name = Products;
			sourceTree = "<group>";
		};
		3549EEC11BEA2BAF0078078D /* StudyCamera */ = {
			isa = PBXGroup;
			children = (
				3549EEC21BEA2BAF0078078D /* AppDelegate.swift */,
				3549EEC41BEA2BAF0078078D /* ViewController.swift */,
				3549EEC61BEA2BAF0078078D /* Main.storyboard */,
				3549EEC91BEA2BAF0078078D /* Assets.xcassets */,
				3549EECB1BEA2BAF0078078D /* LaunchScreen.storyboard */,
				3549EECE1BEA2BAF0078078D /* Info.plist */,
			);
			path = StudyCamera;
			sourceTree = "<group>";
		};
		3549EED61BEA2BAF0078078D /* StudyCameraTests */ = {
			isa = PBXGroup;
			children = (
				3549EED71BEA2BAF0078078D /* StudyCameraTests.swift */,
				3549EED91BEA2BAF0078078D /* Info.plist */,
			);
			path = StudyCameraTests;
			sourceTree = "<group>";
		};
		3549EEE11BEA2BAF0078078D /* StudyCameraUITests */ = {
			isa = PBXGroup;
			children = (
				3549EEE21BEA2BAF0078078D /* StudyCameraUITests.swift */,
				3549EEE41BEA2BAF0078078D /* Info.plist */,
			);
			path = StudyCameraUITests;
			sourceTree = "<group>";
		};
/* End PBXGroup section */

/* Begin PBXNativeTarget section */
		3549EEBE1BEA2BAF0078078D /* StudyCamera */ = {
			isa = PBXNativeTarget;
			buildConfigurationList = 3549EEE71BEA2BAF0078078D /* Build configuration list for PBXNativeTarget "StudyCamera" */;
			buildPhases = (
				3549EEBB1BEA2BAF0078078D /* Sources */,
				3549EEBC1BEA2BAF0078078D /* Frameworks */,
				3549EEBD1BEA2BAF0078078D /* Resources */,
			);
			buildRules = (
			);
			dependencies = (
			);
			name = StudyCamera;
			productName = StudyCamera;
			productReference = 3549EEBF1BEA2BAF0078078D /* StudyCamera.app */;
			productType = "com.apple.product-type.application";
		};
		3549EED21BEA2BAF0078078D /* StudyCameraTests */ = {
			isa = PBXNativeTarget;
			buildConfigurationList = 3549EEEA1BEA2BAF0078078D /* Build configuration list for PBXNativeTarget "StudyCameraTests" */;
			buildPhases = (
				3549EECF1BEA2BAF0078078D /* Sources */,
				3549EED01BEA2BAF0078078D /* Frameworks */,
				3549EED11BEA2BAF0078078D /* Resources */,
			);
			buildRules = (
			);
			dependencies = (
				3549EED51BEA2BAF0078078D /* PBXTargetDependency */,
			);
			name = StudyCameraTests;
			productName = StudyCameraTests;
			productReference = 3549EED31BEA2BAF0078078D /* StudyCameraTests.xctest */;
			productType = "com.apple.product-type.bundle.unit-test";
		};
		3549EEDD1BEA2BAF0078078D /* StudyCameraUITests */ = {
			isa = PBXNativeTarget;
			buildConfigurationList = 3549EEED1BEA2BAF0078078D /* Build configuration list for PBXNativeTarget "StudyCameraUITests" */;
			buildPhases = (
				3549EEDA1BEA2BAF0078078D /* Sources */,
				3549EEDB1BEA2BAF0078078D /* Frameworks */,
				3549EEDC1BEA2BAF0078078D /* Resources */,
			);
			buildRules = (
			);
			dependencies = (
				3549EEE01BEA2BAF0078078D /* PBXTargetDependency */,
			);
			name = StudyCameraUITests;
			productName = StudyCameraUITests;
			productReference = 3549EEDE1BEA2BAF0078078D /* StudyCameraUITests.xctest */;
			productType = "com.apple.product-type.bundle.ui-testing";
		};
/* End PBXNativeTarget section */

/* Begin PBXProject section */
		3549EEB71BEA2BAF0078078D /* Project object */ = {
			isa = PBXProject;
			attributes = {
				LastSwiftUpdateCheck = 0710;
				LastUpgradeCheck = 0710;
				ORGANIZATIONNAME = dreamarts;
				TargetAttributes = {
					3549EEBE1BEA2BAF0078078D = {
						CreatedOnToolsVersion = 7.1;
					};
					3549EED21BEA2BAF0078078D = {
						CreatedOnToolsVersion = 7.1;
						TestTargetID = 3549EEBE1BEA2BAF0078078D;
					};
					3549EEDD1BEA2BAF0078078D = {
						CreatedOnToolsVersion = 7.1;
						TestTargetID = 3549EEBE1BEA2BAF0078078D;
					};
				};
			};
			buildConfigurationList = 3549EEBA1BEA2BAF0078078D /* Build configuration list for PBXProject "StudyCamera" */;
			compatibilityVersion = "Xcode 3.2";
			developmentRegion = English;
			hasScannedForEncodings = 0;
			knownRegions = (
				en,
				Base,
			);
			mainGroup = 3549EEB61BEA2BAF0078078D;
			productRefGroup = 3549EEC01BEA2BAF0078078D /* Products */;
			projectDirPath = "";
			projectRoot = "";
			targets = (
				3549EEBE1BEA2BAF0078078D /* StudyCamera */,
				3549EED21BEA2BAF0078078D /* StudyCameraTests */,
				3549EEDD1BEA2BAF0078078D /* StudyCameraUITests */,
			);
		};
/* End PBXProject section */

/* Begin PBXResourcesBuildPhase section */
		3549EEBD1BEA2BAF0078078D /* Resources */ = {
			isa = PBXResourcesBuildPhase;
			buildActionMask = 2147483647;
			files = (
				3549EECD1BEA2BAF0078078D /* LaunchScreen.storyboard in Resources */,
				3549EECA1BEA2BAF0078078D /* Assets.xcassets in Resources */,
				3549EEC81BEA2BAF0078078D /* Main.storyboard in Resources */,
			);
			runOnlyForDeploymentPostprocessing = 0;
		};
		3549EED11BEA2BAF0078078D /* Resources */ = {
			isa = PBXResourcesBuildPhase;
			buildActionMask = 2147483647;
			files = (
			);
			runOnlyForDeploymentPostprocessing = 0;
		};
		3549EEDC1BEA2BAF0078078D /* Resources */ = {
			isa = PBXResourcesBuildPhase;
			buildActionMask = 2147483647;
			files = (
			);
			runOnlyForDeploymentPostprocessing = 0;
		};
/* End PBXResourcesBuildPhase section */

/* Begin PBXSourcesBuildPhase section */
		3549EEBB1BEA2BAF0078078D /* Sources */ = {
			isa = PBXSourcesBuildPhase;
			buildActionMask = 2147483647;
			files = (
				3549EEC51BEA2BAF0078078D /* ViewController.swift in Sources */,
				3549EEC31BEA2BAF0078078D /* AppDelegate.swift in Sources */,
			);
			runOnlyForDeploymentPostprocessing = 0;
		};
		3549EECF1BEA2BAF0078078D /* Sources */ = {
			isa = PBXSourcesBuildPhase;
			buildActionMask = 2147483647;
			files = (
				3549EED81BEA2BAF0078078D /* StudyCameraTests.swift in Sources */,
			);
			runOnlyForDeploymentPostprocessing = 0;
		};
		3549EEDA1BEA2BAF0078078D /* Sources */ = {
			isa = PBXSourcesBuildPhase;
			buildActionMask = 2147483647;
			files = (
				3549EEE31BEA2BAF0078078D /* StudyCameraUITests.swift in Sources */,
			);
			runOnlyForDeploymentPostprocessing = 0;
		};
/* End PBXSourcesBuildPhase section */

/* Begin PBXTargetDependency section */
		3549EED51BEA2BAF0078078D /* PBXTargetDependency */ = {
			isa = PBXTargetDependency;
			target = 3549EEBE1BEA2BAF0078078D /* StudyCamera */;
			targetProxy = 3549EED41BEA2BAF0078078D /* PBXContainerItemProxy */;
		};
		3549EEE01BEA2BAF0078078D /* PBXTargetDependency */ = {
			isa = PBXTargetDependency;
			target = 3549EEBE1BEA2BAF0078078D /* StudyCamera */;
			targetProxy = 3549EEDF1BEA2BAF0078078D /* PBXContainerItemProxy */;
		};
/* End PBXTargetDependency section */

/* Begin PBXVariantGroup section */
		3549EEC61BEA2BAF0078078D /* Main.storyboard */ = {
			isa = PBXVariantGroup;
			children = (
				3549EEC71BEA2BAF0078078D /* Base */,
			);
			name = Main.storyboard;
			sourceTree = "<group>";
		};
		3549EECB1BEA2BAF0078078D /* LaunchScreen.storyboard */ = {
			isa = PBXVariantGroup;
			children = (
				3549EECC1BEA2BAF0078078D /* Base */,
			);
			name = LaunchScreen.storyboard;
			sourceTree = "<group>";
		};
/* End PBXVariantGroup section */

/* Begin XCBuildConfiguration section */
		3549EEE51BEA2BAF0078078D /* Debug */ = {
			isa = XCBuildConfiguration;
			buildSettings = {
				ALWAYS_SEARCH_USER_PATHS = NO;
				CLANG_CXX_LANGUAGE_STANDARD = "gnu++0x";
				CLANG_CXX_LIBRARY = "libc++";
				CLANG_ENABLE_MODULES = YES;
				CLANG_ENABLE_OBJC_ARC = YES;
				CLANG_WARN_BOOL_CONVERSION = YES;
				CLANG_WARN_CONSTANT_CONVERSION = YES;
				CLANG_WARN_DIRECT_OBJC_ISA_USAGE = YES_ERROR;
				CLANG_WARN_EMPTY_BODY = YES;
				CLANG_WARN_ENUM_CONVERSION = YES;
				CLANG_WARN_INT_CONVERSION = YES;
				CLANG_WARN_OBJC_ROOT_CLASS = YES_ERROR;
				CLANG_WARN_UNREACHABLE_CODE = YES;
				CLANG_WARN__DUPLICATE_METHOD_MATCH = YES;
				"CODE_SIGN_IDENTITY[sdk=iphoneos*]" = "iPhone Developer";
				COPY_PHASE_STRIP = NO;
				DEBUG_INFORMATION_FORMAT = dwarf;
				ENABLE_STRICT_OBJC_MSGSEND = YES;
				ENABLE_TESTABILITY = YES;
				GCC_C_LANGUAGE_STANDARD = gnu99;
				GCC_DYNAMIC_NO_PIC = NO;
				GCC_NO_COMMON_BLOCKS = YES;
				GCC_OPTIMIZATION_LEVEL = 0;
				GCC_PREPROCESSOR_DEFINITIONS = (
					"DEBUG=1",
					"$(inherited)",
				);
				GCC_WARN_64_TO_32_BIT_CONVERSION = YES;
				GCC_WARN_ABOUT_RETURN_TYPE = YES_ERROR;
				GCC_WARN_UNDECLARED_SELECTOR = YES;
				GCC_WARN_UNINITIALIZED_AUTOS = YES_AGGRESSIVE;
				GCC_WARN_UNUSED_FUNCTION = YES;
				GCC_WARN_UNUSED_VARIABLE = YES;
				IPHONEOS_DEPLOYMENT_TARGET = 9.1;
				MTL_ENABLE_DEBUG_INFO = YES;
				ONLY_ACTIVE_ARCH = YES;
				SDKROOT = iphoneos;
				SWIFT_OPTIMIZATION_LEVEL = "-Onone";
				TARGETED_DEVICE_FAMILY = "1,2";
			};
			name = Debug;
		};
		3549EEE61BEA2BAF0078078D /* Release */ = {
			isa = XCBuildConfiguration;
			buildSettings = {
				ALWAYS_SEARCH_USER_PATHS = NO;
				CLANG_CXX_LANGUAGE_STANDARD = "gnu++0x";
				CLANG_CXX_LIBRARY = "libc++";
				CLANG_ENABLE_MODULES = YES;
				CLANG_ENABLE_OBJC_ARC = YES;
				CLANG_WARN_BOOL_CONVERSION = YES;
				CLANG_WARN_CONSTANT_CONVERSION = YES;
				CLANG_WARN_DIRECT_OBJC_ISA_USAGE = YES_ERROR;
				CLANG_WARN_EMPTY_BODY = YES;
				CLANG_WARN_ENUM_CONVERSION = YES;
				CLANG_WARN_INT_CONVERSION = YES;
				CLANG_WARN_OBJC_ROOT_CLASS = YES_ERROR;
				CLANG_WARN_UNREACHABLE_CODE = YES;
				CLANG_WARN__DUPLICATE_METHOD_MATCH = YES;
				"CODE_SIGN_IDENTITY[sdk=iphoneos*]" = "iPhone Developer";
				COPY_PHASE_STRIP = NO;
				DEBUG_INFORMATION_FORMAT = "dwarf-with-dsym";
				ENABLE_NS_ASSERTIONS = NO;
				ENABLE_STRICT_OBJC_MSGSEND = YES;
				GCC_C_LANGUAGE_STANDARD = gnu99;
				GCC_NO_COMMON_BLOCKS = YES;
				GCC_WARN_64_TO_32_BIT_CONVERSION = YES;
				GCC_WARN_ABOUT_RETURN_TYPE = YES_ERROR;
				GCC_WARN_UNDECLARED_SELECTOR = YES;
				GCC_WARN_UNINITIALIZED_AUTOS = YES_AGGRESSIVE;
				GCC_WARN_UNUSED_FUNCTION = YES;
				GCC_WARN_UNUSED_VARIABLE = YES;
				IPHONEOS_DEPLOYMENT_TARGET = 9.1;
				MTL_ENABLE_DEBUG_INFO = NO;
				SDKROOT = iphoneos;
				TARGETED_DEVICE_FAMILY = "1,2";
				VALIDATE_PRODUCT = YES;
			};
			name = Release;
		};
		3549EEE81BEA2BAF0078078D /* Debug */ = {
			isa = XCBuildConfiguration;
			buildSettings = {
				ASSETCATALOG_COMPILER_APPICON_NAME = AppIcon;
				INFOPLIST_FILE = StudyCamera/Info.plist;
				LD_RUNPATH_SEARCH_PATHS = "$(inherited) @executable_path/Frameworks";
				PRODUCT_BUNDLE_IDENTIFIER = jp.co.dreamarts.study.StudyCamera;
				PRODUCT_NAME = "$(TARGET_NAME)";
			};
			name = Debug;
		};
		3549EEE91BEA2BAF0078078D /* Release */ = {
			isa = XCBuildConfiguration;
			buildSettings = {
				ASSETCATALOG_COMPILER_APPICON_NAME = AppIcon;
				INFOPLIST_FILE = StudyCamera/Info.plist;
				LD_RUNPATH_SEARCH_PATHS = "$(inherited) @executable_path/Frameworks";
				PRODUCT_BUNDLE_IDENTIFIER = jp.co.dreamarts.study.StudyCamera;
				PRODUCT_NAME = "$(TARGET_NAME)";
			};
			name = Release;
		};
		3549EEEB1BEA2BAF0078078D /* Debug */ = {
			isa = XCBuildConfiguration;
			buildSettings = {
				BUNDLE_LOADER = "$(TEST_HOST)";
				INFOPLIST_FILE = StudyCameraTests/Info.plist;
				LD_RUNPATH_SEARCH_PATHS = "$(inherited) @executable_path/Frameworks @loader_path/Frameworks";
				PRODUCT_BUNDLE_IDENTIFIER = jp.co.dreamarts.study.StudyCameraTests;
				PRODUCT_NAME = "$(TARGET_NAME)";
				TEST_HOST = "$(BUILT_PRODUCTS_DIR)/StudyCamera.app/StudyCamera";
			};
			name = Debug;
		};
		3549EEEC1BEA2BAF0078078D /* Release */ = {
			isa = XCBuildConfiguration;
			buildSettings = {
				BUNDLE_LOADER = "$(TEST_HOST)";
				INFOPLIST_FILE = StudyCameraTests/Info.plist;
				LD_RUNPATH_SEARCH_PATHS = "$(inherited) @executable_path/Frameworks @loader_path/Frameworks";
				PRODUCT_BUNDLE_IDENTIFIER = jp.co.dreamarts.study.StudyCameraTests;
				PRODUCT_NAME = "$(TARGET_NAME)";
				TEST_HOST = "$(BUILT_PRODUCTS_DIR)/StudyCamera.app/StudyCamera";
			};
			name = Release;
		};
		3549EEEE1BEA2BAF0078078D /* Debug */ = {
			isa = XCBuildConfiguration;
			buildSettings = {
				INFOPLIST_FILE = StudyCameraUITests/Info.plist;
				LD_RUNPATH_SEARCH_PATHS = "$(inherited) @executable_path/Frameworks @loader_path/Frameworks";
				PRODUCT_BUNDLE_IDENTIFIER = jp.co.dreamarts.study.StudyCameraUITests;
				PRODUCT_NAME = "$(TARGET_NAME)";
				TEST_TARGET_NAME = StudyCamera;
				USES_XCTRUNNER = YES;
			};
			name = Debug;
		};
		3549EEEF1BEA2BAF0078078D /* Release */ = {
			isa = XCBuildConfiguration;
			buildSettings = {
				INFOPLIST_FILE = StudyCameraUITests/Info.plist;
				LD_RUNPATH_SEARCH_PATHS = "$(inherited) @executable_path/Frameworks @loader_path/Frameworks";
				PRODUCT_BUNDLE_IDENTIFIER = jp.co.dreamarts.study.StudyCameraUITests;
				PRODUCT_NAME = "$(TARGET_NAME)";
				TEST_TARGET_NAME = StudyCamera;
				USES_XCTRUNNER = YES;
			};
			name = Release;
		};
/* End XCBuildConfiguration section */

/* Begin XCConfigurationList section */
		3549EEBA1BEA2BAF0078078D /* Build configuration list for PBXProject "StudyCamera" */ = {
			isa = XCConfigurationList;
			buildConfigurations = (
				3549EEE51BEA2BAF0078078D /* Debug */,
				3549EEE61BEA2BAF0078078D /* Release */,
			);
			defaultConfigurationIsVisible = 0;
			defaultConfigurationName = Release;
		};
		3549EEE71BEA2BAF0078078D /* Build configuration list for PBXNativeTarget "StudyCamera" */ = {
			isa = XCConfigurationList;
			buildConfigurations = (
				3549EEE81BEA2BAF0078078D /* Debug */,
				3549EEE91BEA2BAF0078078D /* Release */,
			);
			defaultConfigurationIsVisible = 0;
		};
		3549EEEA1BEA2BAF0078078D /* Build configuration list for PBXNativeTarget "StudyCameraTests" */ = {
			isa = XCConfigurationList;
			buildConfigurations = (
				3549EEEB1BEA2BAF0078078D /* Debug */,
				3549EEEC1BEA2BAF0078078D /* Release */,
			);
			defaultConfigurationIsVisible = 0;
		};
		3549EEED1BEA2BAF0078078D /* Build configuration list for PBXNativeTarget "StudyCameraUITests" */ = {
			isa = XCConfigurationList;
			buildConfigurations = (
				3549EEEE1BEA2BAF0078078D /* Debug */,
				3549EEEF1BEA2BAF0078078D /* Release */,
			);
			defaultConfigurationIsVisible = 0;
		};
/* End XCConfigurationList section */
	};
	rootObject = 3549EEB71BEA2BAF0078078D /* Project object */;
}
